
Microsoft Visual Studio Solution File, Format Version 12.00
# Visual Studio 14
VisualStudioVersion = 14.0.25420.1
MinimumVisualStudioVersion = 10.0.40219.1
Project("{FAE04EC0-301F-11D3-BF4B-00C04F79EFBC}") = "src.vs2015", "src\src.vs2015.csproj", "{15F9C259-0E03-4648-ADBA-EC4BF8170600}"
EndProject
Project("{FAE04EC0-301F-11D3-BF4B-00C04F79EFBC}") = "Tests.vs2015", "Tests\Tests.vs2015.csproj", "{9309328A-B6FB-4BD3-A292-F0E434CD320D}"
EndProject
Global
	GlobalSection(SolutionConfigurationPlatforms) = preSolution
		Debug|Any CPU = Debug|Any CPU
		Release|Any CPU = Release|Any CPU
	EndGlobalSection
	GlobalSection(ProjectConfigurationPlatforms) = postSolution
		{15F9C259-0E03-4648-ADBA-EC4BF8170600}.Debug|Any CPU.ActiveCfg = Debug|Any CPU
		{15F9C259-0E03-4648-ADBA-EC4BF8170600}.Debug|Any CPU.Build.0 = Debug|Any CPU
		{15F9C259-0E03-4648-ADBA-EC4BF8170600}.Release|Any CPU.ActiveCfg = Release|Any CPU
		{15F9C259-0E03-4648-ADBA-EC4BF8170600}.Release|Any CPU.Build.0 = Release|Any CPU
		{9309328A-B6FB-4BD3-A292-F0E434CD320D}.Debug|Any CPU.ActiveCfg = Debug|Any CPU
		{9309328A-B6FB-4BD3-A292-F0E434CD320D}.Debug|Any CPU.Build.0 = Debug|Any CPU
		{9309328A-B6FB-4BD3-A292-F0E434CD320D}.Release|Any CPU.ActiveCfg = Release|Any CPU
		{9309328A-B6FB-4BD3-A292-F0E434CD320D}.Release|Any CPU.Build.0 = Release|Any CPU
	EndGlobalSection
	GlobalSection(SolutionProperties) = preSolution
		HideSolutionNode = FALSE
	EndGlobalSection
EndGlobal
